
Microsoft Visual Studio Solution File, Format Version 12.00
# Visual Studio 15
VisualStudioVersion = 15.0.27703.2042
MinimumVisualStudioVersion = 10.0.40219.1
Project("{FAE04EC0-301F-11D3-BF4B-00C04F79EFBC}") = "ExpenseManagementServices", "ExpenseManagementServices\ExpenseManagementServices.csproj", "{F1AF7BFC-2636-4087-98AA-71140B980A48}"
EndProject
Project("{E53339B2-1760-4266-BCC7-CA923CBCF16C}") = "docker-compose", "docker-compose.dcproj", "{84DEE70B-7637-4D26-A998-95DDFE03F579}"
EndProject
Project("{FAE04EC0-301F-11D3-BF4B-00C04F79EFBC}") = "ExpenseManagementServices.BL", "ExpenseManagementServices.BL\ExpenseManagementServices.BL.csproj", "{6369CD2E-F1B1-4604-BA1C-D11D05D9EFF1}"
EndProject
Project("{9A19103F-16F7-4668-BE54-9A1E7A4F7556}") = "ExpenseManagementShared", "..\ExpenseManagementShared\ExpenseManagementShared\ExpenseManagementShared.csproj", "{DC2B6B1C-93FA-437C-BE9E-47837D0276BC}"
EndProject
Project("{FAE04EC0-301F-11D3-BF4B-00C04F79EFBC}") = "ExpenseManagementServices.Shared", "ExpenseManagementServices.Shared\ExpenseManagementServices.Shared.csproj", "{D959AA30-2A7D-4FB1-B43A-017CEE85FB62}"
EndProject
Global
	GlobalSection(SolutionConfigurationPlatforms) = preSolution
		Debug|Any CPU = Debug|Any CPU
		Release|Any CPU = Release|Any CPU
	EndGlobalSection
	GlobalSection(ProjectConfigurationPlatforms) = postSolution
		{F1AF7BFC-2636-4087-98AA-71140B980A48}.Debug|Any CPU.ActiveCfg = Debug|Any CPU
		{F1AF7BFC-2636-4087-98AA-71140B980A48}.Debug|Any CPU.Build.0 = Debug|Any CPU
		{F1AF7BFC-2636-4087-98AA-71140B980A48}.Release|Any CPU.ActiveCfg = Release|Any CPU
		{F1AF7BFC-2636-4087-98AA-71140B980A48}.Release|Any CPU.Build.0 = Release|Any CPU
		{84DEE70B-7637-4D26-A998-95DDFE03F579}.Debug|Any CPU.ActiveCfg = Debug|Any CPU
		{84DEE70B-7637-4D26-A998-95DDFE03F579}.Debug|Any CPU.Build.0 = Debug|Any CPU
		{84DEE70B-7637-4D26-A998-95DDFE03F579}.Release|Any CPU.ActiveCfg = Release|Any CPU
		{84DEE70B-7637-4D26-A998-95DDFE03F579}.Release|Any CPU.Build.0 = Release|Any CPU
		{6369CD2E-F1B1-4604-BA1C-D11D05D9EFF1}.Debug|Any CPU.ActiveCfg = Debug|Any CPU
		{6369CD2E-F1B1-4604-BA1C-D11D05D9EFF1}.Debug|Any CPU.Build.0 = Debug|Any CPU
		{6369CD2E-F1B1-4604-BA1C-D11D05D9EFF1}.Release|Any CPU.ActiveCfg = Release|Any CPU
		{6369CD2E-F1B1-4604-BA1C-D11D05D9EFF1}.Release|Any CPU.Build.0 = Release|Any CPU
		{DC2B6B1C-93FA-437C-BE9E-47837D0276BC}.Debug|Any CPU.ActiveCfg = Debug|Any CPU
		{DC2B6B1C-93FA-437C-BE9E-47837D0276BC}.Debug|Any CPU.Build.0 = Debug|Any CPU
		{DC2B6B1C-93FA-437C-BE9E-47837D0276BC}.Release|Any CPU.ActiveCfg = Release|Any CPU
		{DC2B6B1C-93FA-437C-BE9E-47837D0276BC}.Release|Any CPU.Build.0 = Release|Any CPU
		{D959AA30-2A7D-4FB1-B43A-017CEE85FB62}.Debug|Any CPU.ActiveCfg = Debug|Any CPU
		{D959AA30-2A7D-4FB1-B43A-017CEE85FB62}.Debug|Any CPU.Build.0 = Debug|Any CPU
		{D959AA30-2A7D-4FB1-B43A-017CEE85FB62}.Release|Any CPU.ActiveCfg = Release|Any CPU
		{D959AA30-2A7D-4FB1-B43A-017CEE85FB62}.Release|Any CPU.Build.0 = Release|Any CPU
	EndGlobalSection
	GlobalSection(SolutionProperties) = preSolution
		HideSolutionNode = FALSE
	EndGlobalSection
	GlobalSection(ExtensibilityGlobals) = postSolution
		SolutionGuid = {7D2BFC2B-638D-4702-81BC-8D060EDA560B}
	EndGlobalSection
EndGlobal
